{
  "lockfileVersion": 1,
  "configVersion": 0,
  "workspaces": {
    "": {
      "name": "com.basmilius.apple",
      "dependencies": {
        "@basmilius/apple-airplay": "^0.10.0",
        "@basmilius/apple-audio-source": "^0.10.0",
        "@basmilius/apple-common": "^0.10.0",
        "@basmilius/apple-companion-link": "^0.10.0",
        "@basmilius/apple-devices": "^0.10.0",
        "@basmilius/apple-encoding": "^0.10.0",
        "@basmilius/apple-encryption": "^0.10.0",
        "@basmilius/apple-raop": "^0.10.0",
        "@basmilius/apple-rtsp": "^0.10.0",
        "@basmilius/homey-common": "^1.20.0",
      },
      "devDependencies": {
        "@tsconfig/node22": "^22.0.5",
        "@types/homey": "npm:homey-apps-sdk-v3-types@^0.3.12",
        "@types/node": "^25.5.0",
        "typescript": "^6.0.2",
      },
    },
  },
  "packages": {
    "@basmilius/apple-airplay": ["@basmilius/apple-airplay@0.10.0", "", { "dependencies": { "@basmilius/apple-common": "0.10.0", "@basmilius/apple-encoding": "0.10.0", "@basmilius/apple-encryption": "0.10.0", "@basmilius/apple-rtsp": "0.10.0" } }, "sha512-v4PVQHmceDKjv44wrrsToxMA5H88yVMZyLfeQbNrx+e7BnWNcDSaqO1RAIh3pTbodiO1TpZUsxnnwtHdlvu8Rg=="],

    "@basmilius/apple-audio-source": ["@basmilius/apple-audio-source@0.10.0", "", { "dependencies": { "@basmilius/apple-common": "0.10.0" } }, "sha512-GsYqb6Ycmkm323pBmFt3sgeC+jBaqP6qFNhWuk0jwWNkK4gCbvjCDK6PPCJhikADB6x8wTeUXVqLwbHElK1t1g=="],

    "@basmilius/apple-common": ["@basmilius/apple-common@0.10.0", "", { "dependencies": { "@basmilius/apple-encoding": "0.10.0", "@basmilius/apple-encryption": "0.10.0" } }, "sha512-J3r1PDbLL7DmL0RQ5vuJqMFa/6k2LnZC4TW6074uxU2yMcH9jQHgA5l+pzlteoyZpyVP18C6vBoycGKCsigW+Q=="],

    "@basmilius/apple-companion-link": ["@basmilius/apple-companion-link@0.10.0", "", { "dependencies": { "@basmilius/apple-common": "0.10.0", "@basmilius/apple-encoding": "0.10.0", "@basmilius/apple-encryption": "0.10.0" } }, "sha512-fPlkMljLFj6bfm7MbwEvFiZcDkSSzu5C5GbnYTvM3J5Re0CVvIklU3F9q8g/LJagLQg4AHjKHXkZ3YheNjo/MA=="],

    "@basmilius/apple-devices": ["@basmilius/apple-devices@0.10.0", "", { "dependencies": { "@basmilius/apple-airplay": "0.10.0", "@basmilius/apple-common": "0.10.0", "@basmilius/apple-companion-link": "0.10.0", "@basmilius/apple-encoding": "0.10.0" } }, "sha512-m+dVx10Sv+gMEC1M00NixCAUi68kHL4TaVBi2wA2rPC71a5OFtAlMMVQWfrbbnHUUuQUxOKMwKoDXzVi6USsSA=="],

    "@basmilius/apple-encoding": ["@basmilius/apple-encoding@0.10.0", "", {}, "sha512-KYK8Ct8ZkmJXIFBXsFezUqIAlOq1a8Iw0C7WbNfJBBzQ81MPMPf+b8ECnRdqexTEMmxJ7N/3tkjMhGgBszxGuw=="],

    "@basmilius/apple-encryption": ["@basmilius/apple-encryption@0.10.0", "", {}, "sha512-dK+HJajGPQuZlPpvyo7j9YzQCER7VzoPkgM1FHwWVpGM21nk91vmS5XwSjGdINjB6vmXLFtzP3rJys6JL7tnfg=="],

    "@basmilius/apple-raop": ["@basmilius/apple-raop@0.10.0", "", { "dependencies": { "@basmilius/apple-common": "0.10.0", "@basmilius/apple-encoding": "0.10.0", "@basmilius/apple-encryption": "0.10.0", "@basmilius/apple-rtsp": "0.10.0" } }, "sha512-ys1RdxJjkefB7DyQBrD25a5UHuyUdNs34njPEDPB6yGDeMCxjbZnecFv5PX8346NWZjtDsm5uyq8XtJ1n+LcZA=="],

    "@basmilius/apple-rtsp": ["@basmilius/apple-rtsp@0.10.0", "", { "dependencies": { "@basmilius/apple-common": "0.10.0", "@basmilius/apple-encoding": "0.10.0" } }, "sha512-hlJowsB9UxKRm+253XbACdX3o3QQAUToYyfRWBlTFTTtb64JysHUFkz57ChFxP9JuguvZBhH0OqKIzQ1qzqWbg=="],

    "@basmilius/homey-common": ["@basmilius/homey-common@1.20.0", "", {}, "sha512-B91tJaC9lsWJobnSN/wO2Hhk/8ZO86J48cLwP3EyxoL7b8xq1A+XJlXBxk4CCcD2+QXcY0NgNCMoLAEOir++4g=="],

    "@tsconfig/node22": ["@tsconfig/node22@22.0.5", "", {}, "sha512-hLf2ld+sYN/BtOJjHUWOk568dvjFQkHnLNa6zce25GIH+vxKfvTgm3qpaH6ToF5tu/NN0IH66s+Bb5wElHrLcw=="],

    "@types/homey": ["homey-apps-sdk-v3-types@0.3.12", "", { "dependencies": { "@types/node": "^14.14.20" } }, "sha512-xr275VoF7FAiTi6PzElqHWpuGgSBY9hZFZsKeCTA4rluopf8sVk6zUPa+giSRSTiTrN3N3QjmHD5lUoNVwYd4g=="],

    "@types/node": ["@types/node@25.5.0", "", { "dependencies": { "undici-types": "~7.18.0" } }, "sha512-jp2P3tQMSxWugkCUKLRPVUpGaL5MVFwF8RDuSRztfwgN1wmqJeMSbKlnEtQqU8UrhTmzEmZdu2I6v2dpp7XIxw=="],

    "typescript": ["typescript@6.0.2", "", { "bin": { "tsc": "bin/tsc", "tsserver": "bin/tsserver" } }, "sha512-bGdAIrZ0wiGDo5l8c++HWtbaNCWTS4UTv7RaTH/ThVIgjkveJt83m74bBHMJkuCbslY8ixgLBVZJIOiQlQTjfQ=="],

    "undici-types": ["undici-types@7.18.2", "", {}, "sha512-AsuCzffGHJybSaRrmr5eHr81mwJU3kjw6M+uprWvCXiNeN9SOGwQ3Jn8jb8m3Z6izVgknn1R0FTCEAP2QrLY/w=="],

    "@types/homey/@types/node": ["@types/node@14.18.63", "", {}, "sha512-fAtCfv4jJg+ExtXhvCkCqUKZ+4ok/JQk01qDKhL5BDDoS3AxKXhV5/MAVUZyQnSEd2GT92fkgZl0pz0Q0AzcIQ=="],
  }
}
