{
  "lockfileVersion": 1,
  "configVersion": 0,
  "workspaces": {
    "": {
      "name": "com.basmilius.apple",
      "dependencies": {
        "@basmilius/apple-airplay": "^0.6.6",
        "@basmilius/apple-audio-source": "^0.6.6",
        "@basmilius/apple-common": "^0.6.6",
        "@basmilius/apple-companion-link": "^0.6.6",
        "@basmilius/apple-devices": "^0.6.6",
        "@basmilius/apple-encoding": "^0.6.6",
        "@basmilius/apple-encryption": "^0.6.6",
        "@basmilius/apple-raop": "^0.6.6",
        "@basmilius/homey-common": "^1.17.1",
      },
      "devDependencies": {
        "@tsconfig/node22": "^22.0.5",
        "@types/homey": "npm:homey-apps-sdk-v3-types@^0.3.12",
        "@types/node": "^25.2.1",
        "typescript": "^5.9.3",
      },
    },
  },
  "packages": {
    "@basmilius/apple-airplay": ["@basmilius/apple-airplay@0.6.6", "", { "dependencies": { "@basmilius/apple-common": "0.6.6", "@basmilius/apple-encoding": "0.6.6", "@basmilius/apple-encryption": "0.6.6" } }, "sha512-tEBcng46cc0NP4utG+1JcxI44DTTG+nZr8NlcyibCmmveE3ZEJSXOKBwISPchzzRUG+Fr6p/ick17fp4QZZN7Q=="],

    "@basmilius/apple-audio-source": ["@basmilius/apple-audio-source@0.6.6", "", { "dependencies": { "@basmilius/apple-common": "0.6.6" } }, "sha512-QHp+QNYwXhguhXcm6z/Y+vyoK4wxard9lAuCJcvRjm2wRUubFQdkm0QzLfD/87PBzz+Yv/2k3miKsaIMy0xhuQ=="],

    "@basmilius/apple-common": ["@basmilius/apple-common@0.6.6", "", { "dependencies": { "@basmilius/apple-encoding": "0.6.6", "@basmilius/apple-encryption": "0.6.6", "fast-srp-hap": "^2.0.4", "node-dns-sd": "^1.0.1" } }, "sha512-jKy8jWFQjxvfatfzbE7yPWfNl5SCPgeNvCfBWh4VnWIauqOYPrRDf2LknzJDj00drKtZbPfVxiRS/0GczNDaHw=="],

    "@basmilius/apple-companion-link": ["@basmilius/apple-companion-link@0.6.6", "", { "dependencies": { "@basmilius/apple-common": "0.6.6", "@basmilius/apple-encoding": "0.6.6", "@basmilius/apple-encryption": "0.6.6" } }, "sha512-vmd/eW1OswaJH5KDot8IDHeTsrf4QHQg/OJ1N1YiFFRLNBgPOkqwt++bDHirUFGQGiLekn6V0LCrINb9/rfnuQ=="],

    "@basmilius/apple-devices": ["@basmilius/apple-devices@0.6.6", "", { "dependencies": { "@basmilius/apple-airplay": "0.6.6", "@basmilius/apple-common": "0.6.6", "@basmilius/apple-companion-link": "0.6.6", "@basmilius/apple-encoding": "0.6.6" } }, "sha512-9l5C6jDbIy7EE4A3bQtD+VEkPaVTFMh8Qz/BHiPSSgmDyiz5uL7jH874ju4oTdq0RvGTc40ps/SsPZGhW01Dtg=="],

    "@basmilius/apple-encoding": ["@basmilius/apple-encoding@0.6.6", "", {}, "sha512-zDtJxc3/FqE7Ty9aA4sudYgfxbTBHFtoM49n9amZ6JKzIblnuIYaQnDE0uPBdHTI35eQmBQHTjLo8KKAnjs6MA=="],

    "@basmilius/apple-encryption": ["@basmilius/apple-encryption@0.6.6", "", {}, "sha512-pc0z2QMXIvmV8m4MFek7bnyk/wtV3VeR7LbESpa9Z2BAFvixb7LERGIR3918C5SSHH6o3GMiE3+3mt1z1sWajA=="],

    "@basmilius/apple-raop": ["@basmilius/apple-raop@0.6.6", "", { "dependencies": { "@basmilius/apple-airplay": "0.6.6", "@basmilius/apple-common": "0.6.6", "@basmilius/apple-encoding": "0.6.6", "@basmilius/apple-encryption": "0.6.6" } }, "sha512-qPmOiLk7//sWIPi1vGeoXehiQGSifvZ3n/RYb34KC6PlNfiOIiQ/4ZbNRpkukceLM8ro/JsSKPAA7fabbb1Aww=="],

    "@basmilius/homey-common": ["@basmilius/homey-common@1.17.1", "", {}, "sha512-ji9wuO1YRkSAxMnBw430n+eY3WISG8mR3f5jgiPiImpco5w5QDY9pcpmTf/4vSuzYca0rlz8nkXl3NHK98XrMw=="],

    "@tsconfig/node22": ["@tsconfig/node22@22.0.5", "", {}, "sha512-hLf2ld+sYN/BtOJjHUWOk568dvjFQkHnLNa6zce25GIH+vxKfvTgm3qpaH6ToF5tu/NN0IH66s+Bb5wElHrLcw=="],

    "@types/homey": ["homey-apps-sdk-v3-types@0.3.12", "", { "dependencies": { "@types/node": "^14.14.20" } }, "sha512-xr275VoF7FAiTi6PzElqHWpuGgSBY9hZFZsKeCTA4rluopf8sVk6zUPa+giSRSTiTrN3N3QjmHD5lUoNVwYd4g=="],

    "@types/node": ["@types/node@25.2.1", "", { "dependencies": { "undici-types": "~7.16.0" } }, "sha512-CPrnr8voK8vC6eEtyRzvMpgp3VyVRhgclonE7qYi6P9sXwYb59ucfrnmFBTaP0yUi8Gk4yZg/LlTJULGxvTNsg=="],

    "fast-srp-hap": ["fast-srp-hap@2.0.4", "", {}, "sha512-lHRYYaaIbMrhZtsdGTwPN82UbqD9Bv8QfOlKs+Dz6YRnByZifOh93EYmf2iEWFtkOEIqR2IK8cFD0UN5wLIWBQ=="],

    "node-dns-sd": ["node-dns-sd@1.0.1", "", {}, "sha512-GCL6FgvkHoDnvJ1Yamf8mY16lYymWmYxjne4q1MC9C8sTZn9XR3BbwsrBQGikMESMFDFLC5MovNZn6wFl1yrdQ=="],

    "typescript": ["typescript@5.9.3", "", { "bin": { "tsc": "bin/tsc", "tsserver": "bin/tsserver" } }, "sha512-jl1vZzPDinLr9eUt3J/t7V6FgNEw9QjvBPdysz9KfQDD41fQrC2Y4vKQdiaUpFT4bXlb1RHhLpp8wtm6M5TgSw=="],

    "undici-types": ["undici-types@7.16.0", "", {}, "sha512-Zz+aZWSj8LE6zoxD+xrjh4VfkIG8Ya6LvYkZqtUQGJPZjYl53ypCaUwWqo7eI0x66KBGeRo+mlBEkMSeSZ38Nw=="],

    "@types/homey/@types/node": ["@types/node@14.18.63", "", {}, "sha512-fAtCfv4jJg+ExtXhvCkCqUKZ+4ok/JQk01qDKhL5BDDoS3AxKXhV5/MAVUZyQnSEd2GT92fkgZl0pz0Q0AzcIQ=="],
  }
}
