{
  "lockfileVersion": 1,
  "configVersion": 0,
  "workspaces": {
    "": {
      "name": "com.basmilius.apple",
      "dependencies": {
        "@basmilius/apple-airplay": "^0.9.13",
        "@basmilius/apple-audio-source": "^0.9.13",
        "@basmilius/apple-common": "^0.9.13",
        "@basmilius/apple-companion-link": "^0.9.13",
        "@basmilius/apple-devices": "^0.9.13",
        "@basmilius/apple-encoding": "^0.9.13",
        "@basmilius/apple-encryption": "^0.9.13",
        "@basmilius/apple-raop": "^0.9.13",
        "@basmilius/homey-common": "^1.20.0",
      },
      "devDependencies": {
        "@tsconfig/node22": "^22.0.5",
        "@types/homey": "npm:homey-apps-sdk-v3-types@^0.3.12",
        "@types/node": "^25.5.0",
        "typescript": "^5.9.3",
      },
    },
  },
  "packages": {
    "@basmilius/apple-airplay": ["@basmilius/apple-airplay@0.9.13", "", { "dependencies": { "@basmilius/apple-common": "0.9.13", "@basmilius/apple-encoding": "0.9.13", "@basmilius/apple-encryption": "0.9.13" } }, "sha512-LJnLT7bXEdBk/rB+LuKkVLvcz6s/OThyLORwwbGL1s3Ye2rKFV9iKFuq+6v8s2bO8ebFJhLd1Q0xeo4YTZI7vw=="],

    "@basmilius/apple-audio-source": ["@basmilius/apple-audio-source@0.9.13", "", { "dependencies": { "@basmilius/apple-common": "0.9.13" } }, "sha512-AO/Hl4fGtb/YpmRn1EZ31HhvsBqmQyWHV2PZEen4fZOcsM5G/chTWdEt5BLy6GZ+KUjD8OQso2OTkwZEo1oAUg=="],

    "@basmilius/apple-common": ["@basmilius/apple-common@0.9.13", "", { "dependencies": { "@basmilius/apple-encoding": "0.9.13", "@basmilius/apple-encryption": "0.9.13", "fast-srp-hap": "^2.0.4" } }, "sha512-I/EXl2l6nSQUF890a0DT3j2ruzLyf5uXrkeD+wHrGhCkq9cCo8uFh+5oCEJAJS9ycdEfuqT8lRAbQa2Z8H6ThQ=="],

    "@basmilius/apple-companion-link": ["@basmilius/apple-companion-link@0.9.13", "", { "dependencies": { "@basmilius/apple-common": "0.9.13", "@basmilius/apple-encoding": "0.9.13", "@basmilius/apple-encryption": "0.9.13" } }, "sha512-dF/HOlWCwNgrE0UfBXK0Bgex2+/ASa6EbW4FlaQjWWJinUIIeEZ0oQrV3sUQq9ysii8CoKFpaHCK/CYO6pI2fQ=="],

    "@basmilius/apple-devices": ["@basmilius/apple-devices@0.9.13", "", { "dependencies": { "@basmilius/apple-airplay": "0.9.13", "@basmilius/apple-common": "0.9.13", "@basmilius/apple-companion-link": "0.9.13", "@basmilius/apple-encoding": "0.9.13" } }, "sha512-ZpBf8nOi6t3Ihdezk7dBEKOBONmvqFCI8HEC6ry+NN8hKAkYNbkBmiHVa95J3VIBzgeMes/mirtzQNKOKxutCg=="],

    "@basmilius/apple-encoding": ["@basmilius/apple-encoding@0.9.13", "", {}, "sha512-yZao3Dt/HHbKQ89DnNVFmyyFSsRion0nMR/+wIhOIbFSfhsxxY5NhJQty9NOjMLCgDXI/15qIXuJI+maavC9Aw=="],

    "@basmilius/apple-encryption": ["@basmilius/apple-encryption@0.9.13", "", {}, "sha512-lz/6syVUEWX7cDZdq4hX1pEa0gu9Bh+yWGb/kSGASG5NeNmbQu0PtQxbaoWD/Q/1uik1ykOrdKMBRTuk4ZlhBA=="],

    "@basmilius/apple-raop": ["@basmilius/apple-raop@0.9.13", "", { "dependencies": { "@basmilius/apple-common": "0.9.13", "@basmilius/apple-encoding": "0.9.13", "@basmilius/apple-encryption": "0.9.13" } }, "sha512-7YtBFGPPU/gZkWunmCagS6BDlpNFIyczYPWxCs740pit432ja8SwdRS7J4mRv91WQcpfvcoTDWbaKj0SI3WpzQ=="],

    "@basmilius/homey-common": ["@basmilius/homey-common@1.20.0", "", {}, "sha512-B91tJaC9lsWJobnSN/wO2Hhk/8ZO86J48cLwP3EyxoL7b8xq1A+XJlXBxk4CCcD2+QXcY0NgNCMoLAEOir++4g=="],

    "@tsconfig/node22": ["@tsconfig/node22@22.0.5", "", {}, "sha512-hLf2ld+sYN/BtOJjHUWOk568dvjFQkHnLNa6zce25GIH+vxKfvTgm3qpaH6ToF5tu/NN0IH66s+Bb5wElHrLcw=="],

    "@types/homey": ["homey-apps-sdk-v3-types@0.3.12", "", { "dependencies": { "@types/node": "^14.14.20" } }, "sha512-xr275VoF7FAiTi6PzElqHWpuGgSBY9hZFZsKeCTA4rluopf8sVk6zUPa+giSRSTiTrN3N3QjmHD5lUoNVwYd4g=="],

    "@types/node": ["@types/node@25.5.0", "", { "dependencies": { "undici-types": "~7.18.0" } }, "sha512-jp2P3tQMSxWugkCUKLRPVUpGaL5MVFwF8RDuSRztfwgN1wmqJeMSbKlnEtQqU8UrhTmzEmZdu2I6v2dpp7XIxw=="],

    "fast-srp-hap": ["fast-srp-hap@2.0.4", "", {}, "sha512-lHRYYaaIbMrhZtsdGTwPN82UbqD9Bv8QfOlKs+Dz6YRnByZifOh93EYmf2iEWFtkOEIqR2IK8cFD0UN5wLIWBQ=="],

    "typescript": ["typescript@5.9.3", "", { "bin": { "tsc": "bin/tsc", "tsserver": "bin/tsserver" } }, "sha512-jl1vZzPDinLr9eUt3J/t7V6FgNEw9QjvBPdysz9KfQDD41fQrC2Y4vKQdiaUpFT4bXlb1RHhLpp8wtm6M5TgSw=="],

    "undici-types": ["undici-types@7.18.2", "", {}, "sha512-AsuCzffGHJybSaRrmr5eHr81mwJU3kjw6M+uprWvCXiNeN9SOGwQ3Jn8jb8m3Z6izVgknn1R0FTCEAP2QrLY/w=="],

    "@types/homey/@types/node": ["@types/node@14.18.63", "", {}, "sha512-fAtCfv4jJg+ExtXhvCkCqUKZ+4ok/JQk01qDKhL5BDDoS3AxKXhV5/MAVUZyQnSEd2GT92fkgZl0pz0Q0AzcIQ=="],
  }
}
