{
    "name": "com.basmilius.apple",
    "version": "1.0.0",
    "lockfileVersion": 3,
    "requires": true,
    "packages": {
        "": {
            "name": "com.basmilius.apple",
            "version": "1.0.0",
            "dependencies": {
                "@basmilius/apple-airplay": "^0.7.2",
                "@basmilius/apple-audio-source": "^0.7.2",
                "@basmilius/apple-common": "^0.7.2",
                "@basmilius/apple-companion-link": "^0.7.2",
                "@basmilius/apple-devices": "^0.7.2",
                "@basmilius/apple-encoding": "^0.7.2",
                "@basmilius/apple-encryption": "^0.7.2",
                "@basmilius/apple-raop": "^0.7.2",
                "@basmilius/homey-common": "^1.18.1"
            },
            "devDependencies": {
                "@tsconfig/node22": "^22.0.5",
                "@types/homey": "npm:homey-apps-sdk-v3-types@^0.3.12",
                "@types/node": "^25.3.0",
                "typescript": "^5.9.3"
            }
        },
        "node_modules/@basmilius/apple-airplay": {
            "version": "0.7.2",
            "resolved": "https://registry.npmjs.org/@basmilius/apple-airplay/-/apple-airplay-0.7.2.tgz",
            "integrity": "sha512-PoGHLKoRMjn02QzqarK4AI8r79UiX2j4am+4k2Y4bQQxTmWaETGbEDT4cYIj1lpEelfgCIkLavdw5V485baoPg==",
            "license": "MIT",
            "dependencies": {
                "@basmilius/apple-common": "0.7.2",
                "@basmilius/apple-encoding": "0.7.2",
                "@basmilius/apple-encryption": "0.7.2"
            }
        },
        "node_modules/@basmilius/apple-audio-source": {
            "version": "0.7.2",
            "resolved": "https://registry.npmjs.org/@basmilius/apple-audio-source/-/apple-audio-source-0.7.2.tgz",
            "integrity": "sha512-rWBwXaC7DW0CrN1qoy9keo2BKj/+kfl0LZiZvmwYbgbj4renf2WhQEk139GMkXrqbuaBP8fIQ6ByLjq5+V3Uvg==",
            "license": "MIT",
            "dependencies": {
                "@basmilius/apple-common": "0.7.2"
            }
        },
        "node_modules/@basmilius/apple-common": {
            "version": "0.7.2",
            "resolved": "https://registry.npmjs.org/@basmilius/apple-common/-/apple-common-0.7.2.tgz",
            "integrity": "sha512-HgepNWkGBpGP4YN9BeVlZdI3jj684ck/ijHjXL31GO08oT9s6/fJTRrCHXiU2LhPLvgsTEqRXu4AqG/lPEMqPg==",
            "license": "MIT",
            "dependencies": {
                "@basmilius/apple-encoding": "0.7.2",
                "@basmilius/apple-encryption": "0.7.2",
                "fast-srp-hap": "^2.0.4",
                "node-dns-sd": "^1.0.1"
            }
        },
        "node_modules/@basmilius/apple-companion-link": {
            "version": "0.7.2",
            "resolved": "https://registry.npmjs.org/@basmilius/apple-companion-link/-/apple-companion-link-0.7.2.tgz",
            "integrity": "sha512-3JvprJr3me+z9LwUPoSwIlSiyP+9Cbt76R6F6DHz5IJNEWEvsBRALBY9VYt2qceXiZ0kvcUod13PP9+FkwSaCw==",
            "license": "MIT",
            "dependencies": {
                "@basmilius/apple-common": "0.7.2",
                "@basmilius/apple-encoding": "0.7.2",
                "@basmilius/apple-encryption": "0.7.2"
            }
        },
        "node_modules/@basmilius/apple-devices": {
            "version": "0.7.2",
            "resolved": "https://registry.npmjs.org/@basmilius/apple-devices/-/apple-devices-0.7.2.tgz",
            "integrity": "sha512-A26rMg+LGnJQ2nBxOJbqxCtoiliIcD7CNl0CCW7TkTrIo+mFCq39YGN5xa0/Kd5w1WjWEHFW78VoOOp/d4zyTg==",
            "license": "MIT",
            "dependencies": {
                "@basmilius/apple-airplay": "0.7.2",
                "@basmilius/apple-common": "0.7.2",
                "@basmilius/apple-companion-link": "0.7.2",
                "@basmilius/apple-encoding": "0.7.2"
            }
        },
        "node_modules/@basmilius/apple-encoding": {
            "version": "0.7.2",
            "resolved": "https://registry.npmjs.org/@basmilius/apple-encoding/-/apple-encoding-0.7.2.tgz",
            "integrity": "sha512-HUp7w1hqcKGpe13rmD8soctErnnd8DbfvhYaROqiP/GrNjGi+BYzR79DgEeoBicGB3JaJdsrjNhlsTCL1bIHrA==",
            "license": "MIT"
        },
        "node_modules/@basmilius/apple-encryption": {
            "version": "0.7.2",
            "resolved": "https://registry.npmjs.org/@basmilius/apple-encryption/-/apple-encryption-0.7.2.tgz",
            "integrity": "sha512-AGnvwSpCZPbN6ROfq0QaSS7QQBPbcQHCwspVcJE7P6vJzrsMgJy7FSa1sOFZuAXvm0NV1tVtgDsBHNyO4ymLOQ==",
            "license": "MIT"
        },
        "node_modules/@basmilius/apple-raop": {
            "version": "0.7.2",
            "resolved": "https://registry.npmjs.org/@basmilius/apple-raop/-/apple-raop-0.7.2.tgz",
            "integrity": "sha512-d1Ni7TWMFR3ygfP5w6YuUoMhSstfx+uDupfUh6ke1rgQ6sQBSOpprGNxUdzW0U2DzTsF1U9UYGcs5S3pDPUULg==",
            "license": "MIT",
            "dependencies": {
                "@basmilius/apple-airplay": "0.7.2",
                "@basmilius/apple-common": "0.7.2",
                "@basmilius/apple-encoding": "0.7.2",
                "@basmilius/apple-encryption": "0.7.2"
            }
        },
        "node_modules/@basmilius/homey-common": {
            "version": "1.18.1",
            "resolved": "https://registry.npmjs.org/@basmilius/homey-common/-/homey-common-1.18.1.tgz",
            "integrity": "sha512-n2PfMSTPjDhl9+40Wljy5I0/B2u3c6Q63cKjN2+rE9FVvsYKvFxnyF4X3QxMxCG5E+jzqLw+DdEVFQcst+FcfQ==",
            "license": "MIT",
            "funding": {
                "url": "https://github.com/sponsors/basmilius"
            }
        },
        "node_modules/@tsconfig/node22": {
            "version": "22.0.5",
            "resolved": "https://registry.npmjs.org/@tsconfig/node22/-/node22-22.0.5.tgz",
            "integrity": "sha512-hLf2ld+sYN/BtOJjHUWOk568dvjFQkHnLNa6zce25GIH+vxKfvTgm3qpaH6ToF5tu/NN0IH66s+Bb5wElHrLcw==",
            "dev": true,
            "license": "MIT"
        },
        "node_modules/@types/homey": {
            "name": "homey-apps-sdk-v3-types",
            "version": "0.3.12",
            "resolved": "https://registry.npmjs.org/homey-apps-sdk-v3-types/-/homey-apps-sdk-v3-types-0.3.12.tgz",
            "integrity": "sha512-xr275VoF7FAiTi6PzElqHWpuGgSBY9hZFZsKeCTA4rluopf8sVk6zUPa+giSRSTiTrN3N3QjmHD5lUoNVwYd4g==",
            "dev": true,
            "license": "ISC",
            "dependencies": {
                "@types/node": "^14.14.20"
            }
        },
        "node_modules/@types/homey/node_modules/@types/node": {
            "version": "14.18.63",
            "resolved": "https://registry.npmjs.org/@types/node/-/node-14.18.63.tgz",
            "integrity": "sha512-fAtCfv4jJg+ExtXhvCkCqUKZ+4ok/JQk01qDKhL5BDDoS3AxKXhV5/MAVUZyQnSEd2GT92fkgZl0pz0Q0AzcIQ==",
            "dev": true,
            "license": "MIT"
        },
        "node_modules/@types/node": {
            "version": "25.3.2",
            "resolved": "https://registry.npmjs.org/@types/node/-/node-25.3.2.tgz",
            "integrity": "sha512-RpV6r/ij22zRRdyBPcxDeKAzH43phWVKEjL2iksqo1Vz3CuBUrgmPpPhALKiRfU7OMCmeeO9vECBMsV0hMTG8Q==",
            "dev": true,
            "license": "MIT",
            "dependencies": {
                "undici-types": "~7.18.0"
            }
        },
        "node_modules/fast-srp-hap": {
            "version": "2.0.4",
            "resolved": "https://registry.npmjs.org/fast-srp-hap/-/fast-srp-hap-2.0.4.tgz",
            "integrity": "sha512-lHRYYaaIbMrhZtsdGTwPN82UbqD9Bv8QfOlKs+Dz6YRnByZifOh93EYmf2iEWFtkOEIqR2IK8cFD0UN5wLIWBQ==",
            "license": "MIT",
            "engines": {
                "node": ">=10.17.0"
            }
        },
        "node_modules/node-dns-sd": {
            "version": "1.0.1",
            "resolved": "https://registry.npmjs.org/node-dns-sd/-/node-dns-sd-1.0.1.tgz",
            "integrity": "sha512-GCL6FgvkHoDnvJ1Yamf8mY16lYymWmYxjne4q1MC9C8sTZn9XR3BbwsrBQGikMESMFDFLC5MovNZn6wFl1yrdQ==",
            "license": "MIT"
        },
        "node_modules/typescript": {
            "version": "5.9.3",
            "resolved": "https://registry.npmjs.org/typescript/-/typescript-5.9.3.tgz",
            "integrity": "sha512-jl1vZzPDinLr9eUt3J/t7V6FgNEw9QjvBPdysz9KfQDD41fQrC2Y4vKQdiaUpFT4bXlb1RHhLpp8wtm6M5TgSw==",
            "dev": true,
            "license": "Apache-2.0",
            "bin": {
                "tsc": "bin/tsc",
                "tsserver": "bin/tsserver"
            },
            "engines": {
                "node": ">=14.17"
            }
        },
        "node_modules/undici-types": {
            "version": "7.18.2",
            "resolved": "https://registry.npmjs.org/undici-types/-/undici-types-7.18.2.tgz",
            "integrity": "sha512-AsuCzffGHJybSaRrmr5eHr81mwJU3kjw6M+uprWvCXiNeN9SOGwQ3Jn8jb8m3Z6izVgknn1R0FTCEAP2QrLY/w==",
            "dev": true,
            "license": "MIT"
        }
    }
}
